
Microsoft Visual Studio Solution File, Format Version 12.00
# Visual Studio 15
VisualStudioVersion = 15.0.28010.2026
MinimumVisualStudioVersion = 10.0.40219.1
Project("{8BC9CEB8-8B4A-11D0-8D11-00A0C91BC942}") = "DirectXBindings", "DirectXBindings.vcxproj", "{0DDAAB00-4D05-4FCF-8EE9-8FE4C5647619}"
EndProject
Global
	GlobalSection(SolutionConfigurationPlatforms) = preSolution
		Debug LDC|x64 = Debug LDC|x64
		Debug|x64 = Debug|x64
		Release LDC|x64 = Release LDC|x64
		Release|x64 = Release|x64
	EndGlobalSection
	GlobalSection(ProjectConfigurationPlatforms) = postSolution
		{0DDAAB00-4D05-4FCF-8EE9-8FE4C5647619}.Debug LDC|x64.ActiveCfg = Debug LDC|x64
		{0DDAAB00-4D05-4FCF-8EE9-8FE4C5647619}.Debug LDC|x64.Build.0 = Debug LDC|x64
		{0DDAAB00-4D05-4FCF-8EE9-8FE4C5647619}.Debug|x64.ActiveCfg = Debug|x64
		{0DDAAB00-4D05-4FCF-8EE9-8FE4C5647619}.Debug|x64.Build.0 = Debug|x64
		{0DDAAB00-4D05-4FCF-8EE9-8FE4C5647619}.Release LDC|x64.ActiveCfg = Release LDC|x64
		{0DDAAB00-4D05-4FCF-8EE9-8FE4C5647619}.Release LDC|x64.Build.0 = Release LDC|x64
		{0DDAAB00-4D05-4FCF-8EE9-8FE4C5647619}.Release|x64.ActiveCfg = Release|x64
		{0DDAAB00-4D05-4FCF-8EE9-8FE4C5647619}.Release|x64.Build.0 = Release|x64
	EndGlobalSection
	GlobalSection(SolutionProperties) = preSolution
		HideSolutionNode = FALSE
	EndGlobalSection
	GlobalSection(ExtensibilityGlobals) = postSolution
		SolutionGuid = {F406F454-22F7-49A2-8B8B-BFF33E373193}
	EndGlobalSection
EndGlobal
